
Microsoft Visual Studio Solution File, Format Version 11.00
# Visual Studio 2010
Project("{FAE04EC0-301F-11D3-BF4B-00C04F79EFBC}") = "PWBusinessCardApp", "Assembly-CSharp.csproj", "{099BC851-4B3E-31E4-07EC-1BCAC4B44C6F}"
EndProject
Project("{FAE04EC0-301F-11D3-BF4B-00C04F79EFBC}") = "PWBusinessCardApp", "Assembly-CSharp-Editor.csproj", "{5AD738C8-6D35-DE04-DF4F-20314C2744A9}"
EndProject
Project("{24250DFB-8E9E-E875-74A4-F95355BF1473}") = "PWBusinessCardApp", "Assembly-UnityScript-Editor-firstpass.unityproj", "{3B0FC4D9-37D7-60E4-0A7F-528A2A984647}"
EndProject
Global
	GlobalSection(SolutionConfigurationPlatforms) = preSolution
		Debug|Any CPU = Debug|Any CPU
		Release|Any CPU = Release|Any CPU
	EndGlobalSection
	GlobalSection(ProjectConfigurationPlatforms) = postSolution
		{099BC851-4B3E-31E4-07EC-1BCAC4B44C6F}.Debug|Any CPU.ActiveCfg = Debug|Any CPU
		{099BC851-4B3E-31E4-07EC-1BCAC4B44C6F}.Debug|Any CPU.Build.0 = Debug|Any CPU
		{099BC851-4B3E-31E4-07EC-1BCAC4B44C6F}.Release|Any CPU.ActiveCfg = Release|Any CPU
		{099BC851-4B3E-31E4-07EC-1BCAC4B44C6F}.Release|Any CPU.Build.0 = Release|Any CPU
		{5AD738C8-6D35-DE04-DF4F-20314C2744A9}.Debug|Any CPU.ActiveCfg = Debug|Any CPU
		{5AD738C8-6D35-DE04-DF4F-20314C2744A9}.Debug|Any CPU.Build.0 = Debug|Any CPU
		{5AD738C8-6D35-DE04-DF4F-20314C2744A9}.Release|Any CPU.ActiveCfg = Release|Any CPU
		{5AD738C8-6D35-DE04-DF4F-20314C2744A9}.Release|Any CPU.Build.0 = Release|Any CPU
		{3B0FC4D9-37D7-60E4-0A7F-528A2A984647}.Debug|Any CPU.ActiveCfg = Debug|Any CPU
		{3B0FC4D9-37D7-60E4-0A7F-528A2A984647}.Debug|Any CPU.Build.0 = Debug|Any CPU
		{3B0FC4D9-37D7-60E4-0A7F-528A2A984647}.Release|Any CPU.ActiveCfg = Release|Any CPU
		{3B0FC4D9-37D7-60E4-0A7F-528A2A984647}.Release|Any CPU.Build.0 = Release|Any CPU
	EndGlobalSection
	GlobalSection(SolutionProperties) = preSolution
		HideSolutionNode = FALSE
	EndGlobalSection
	GlobalSection(MonoDevelopProperties) = preSolution
		StartupItem = Assembly-CSharp.csproj
	EndGlobalSection
EndGlobal
